
Microsoft Visual Studio Solution File, Format Version 12.00
# Visual Studio Version 17
VisualStudioVersion = 17.3.32922.545
MinimumVisualStudioVersion = 10.0.40219.1
Project("{FAE04EC0-301F-11D3-BF4B-00C04F79EFBC}") = "Luminoushoes", "Luminoushoes\Luminoushoes.csproj", "{3CD95F46-F557-43EF-819E-D6A1E667AF96}"
EndProject
Global
	GlobalSection(SolutionConfigurationPlatforms) = preSolution
		Debug|Any CPU = Debug|Any CPU
		Release|Any CPU = Release|Any CPU
	EndGlobalSection
	GlobalSection(ProjectConfigurationPlatforms) = postSolution
		{3CD95F46-F557-43EF-819E-D6A1E667AF96}.Debug|Any CPU.ActiveCfg = Debug|Any CPU
		{3CD95F46-F557-43EF-819E-D6A1E667AF96}.Debug|Any CPU.Build.0 = Debug|Any CPU
		{3CD95F46-F557-43EF-819E-D6A1E667AF96}.Release|Any CPU.ActiveCfg = Release|Any CPU
		{3CD95F46-F557-43EF-819E-D6A1E667AF96}.Release|Any CPU.Build.0 = Release|Any CPU
	EndGlobalSection
	GlobalSection(SolutionProperties) = preSolution
		HideSolutionNode = FALSE
	EndGlobalSection
	GlobalSection(ExtensibilityGlobals) = postSolution
		SolutionGuid = {3CF41E1A-BD94-4F2C-8E18-CE334301BD83}
	EndGlobalSection
EndGlobal
